
Microsoft Visual Studio Solution File, Format Version 11.00
# Visual Studio 2010
Project("{F184B08F-C81C-45F6-A57F-5ABD9991F28F}") = "PersonApplication1", "PersonApplication1\PersonApplication1.vbproj", "{A737616A-0EA9-4748-837D-426E66DDC085}"
EndProject
Project("{F184B08F-C81C-45F6-A57F-5ABD9991F28F}") = "ConfigurationHelper", "ConfigurationHelper\ConfigurationHelper.vbproj", "{F0E584C3-5077-4D22-AB1A-869D4C9B9744}"
EndProject
Project("{F184B08F-C81C-45F6-A57F-5ABD9991F28F}") = "DatabaseHelper", "DatabaseHelper\DatabaseHelper.vbproj", "{F42F61F8-CC6B-4C5D-92E0-30B1D2BD24B3}"
EndProject
Project("{F184B08F-C81C-45F6-A57F-5ABD9991F28F}") = "BusinessObjects", "BusinessObjects\BusinessObjects.vbproj", "{C203DC98-EBFF-4907-BDFD-848488FE56F7}"
EndProject
Project("{FAE04EC0-301F-11D3-BF4B-00C04F79EFBC}") = "SQLHelper", "SQLHelper\SQLHelper.csproj", "{06B532E1-4B6F-4F19-9698-A7AB2F6B6B62}"
EndProject
Project("{FAE04EC0-301F-11D3-BF4B-00C04F79EFBC}") = "DataTypeHelper", "DataTypeHelper\DataTypeHelper.csproj", "{0C5D7E94-04CE-49FA-8D4E-97AD5BDB146F}"
EndProject
Project("{F184B08F-C81C-45F6-A57F-5ABD9991F28F}") = "ZoningImprovementPlanCodeWebService", "ZoningImprovementPlanCodeWebService\ZoningImprovementPlanCodeWebService.vbproj", "{63D75481-2550-410E-86EA-AF0F1BAA9E53}"
EndProject
Global
	GlobalSection(SolutionConfigurationPlatforms) = preSolution
		Debug|Any CPU = Debug|Any CPU
		Debug|Mixed Platforms = Debug|Mixed Platforms
		Debug|x86 = Debug|x86
		Release|Any CPU = Release|Any CPU
		Release|Mixed Platforms = Release|Mixed Platforms
		Release|x86 = Release|x86
	EndGlobalSection
	GlobalSection(ProjectConfigurationPlatforms) = postSolution
		{A737616A-0EA9-4748-837D-426E66DDC085}.Debug|Any CPU.ActiveCfg = Debug|x86
		{A737616A-0EA9-4748-837D-426E66DDC085}.Debug|Mixed Platforms.ActiveCfg = Debug|x86
		{A737616A-0EA9-4748-837D-426E66DDC085}.Debug|Mixed Platforms.Build.0 = Debug|x86
		{A737616A-0EA9-4748-837D-426E66DDC085}.Debug|x86.ActiveCfg = Debug|x86
		{A737616A-0EA9-4748-837D-426E66DDC085}.Debug|x86.Build.0 = Debug|x86
		{A737616A-0EA9-4748-837D-426E66DDC085}.Release|Any CPU.ActiveCfg = Release|x86
		{A737616A-0EA9-4748-837D-426E66DDC085}.Release|Mixed Platforms.ActiveCfg = Release|x86
		{A737616A-0EA9-4748-837D-426E66DDC085}.Release|Mixed Platforms.Build.0 = Release|x86
		{A737616A-0EA9-4748-837D-426E66DDC085}.Release|x86.ActiveCfg = Release|x86
		{A737616A-0EA9-4748-837D-426E66DDC085}.Release|x86.Build.0 = Release|x86
		{F0E584C3-5077-4D22-AB1A-869D4C9B9744}.Debug|Any CPU.ActiveCfg = Debug|Any CPU
		{F0E584C3-5077-4D22-AB1A-869D4C9B9744}.Debug|Any CPU.Build.0 = Debug|Any CPU
		{F0E584C3-5077-4D22-AB1A-869D4C9B9744}.Debug|Mixed Platforms.ActiveCfg = Debug|Any CPU
		{F0E584C3-5077-4D22-AB1A-869D4C9B9744}.Debug|Mixed Platforms.Build.0 = Debug|Any CPU
		{F0E584C3-5077-4D22-AB1A-869D4C9B9744}.Debug|x86.ActiveCfg = Debug|Any CPU
		{F0E584C3-5077-4D22-AB1A-869D4C9B9744}.Release|Any CPU.ActiveCfg = Release|Any CPU
		{F0E584C3-5077-4D22-AB1A-869D4C9B9744}.Release|Any CPU.Build.0 = Release|Any CPU
		{F0E584C3-5077-4D22-AB1A-869D4C9B9744}.Release|Mixed Platforms.ActiveCfg = Release|Any CPU
		{F0E584C3-5077-4D22-AB1A-869D4C9B9744}.Release|Mixed Platforms.Build.0 = Release|Any CPU
		{F0E584C3-5077-4D22-AB1A-869D4C9B9744}.Release|x86.ActiveCfg = Release|Any CPU
		{F42F61F8-CC6B-4C5D-92E0-30B1D2BD24B3}.Debug|Any CPU.ActiveCfg = Debug|Any CPU
		{F42F61F8-CC6B-4C5D-92E0-30B1D2BD24B3}.Debug|Any CPU.Build.0 = Debug|Any CPU
		{F42F61F8-CC6B-4C5D-92E0-30B1D2BD24B3}.Debug|Mixed Platforms.ActiveCfg = Debug|Any CPU
		{F42F61F8-CC6B-4C5D-92E0-30B1D2BD24B3}.Debug|Mixed Platforms.Build.0 = Debug|Any CPU
		{F42F61F8-CC6B-4C5D-92E0-30B1D2BD24B3}.Debug|x86.ActiveCfg = Debug|Any CPU
		{F42F61F8-CC6B-4C5D-92E0-30B1D2BD24B3}.Release|Any CPU.ActiveCfg = Release|Any CPU
		{F42F61F8-CC6B-4C5D-92E0-30B1D2BD24B3}.Release|Any CPU.Build.0 = Release|Any CPU
		{F42F61F8-CC6B-4C5D-92E0-30B1D2BD24B3}.Release|Mixed Platforms.ActiveCfg = Release|Any CPU
		{F42F61F8-CC6B-4C5D-92E0-30B1D2BD24B3}.Release|Mixed Platforms.Build.0 = Release|Any CPU
		{F42F61F8-CC6B-4C5D-92E0-30B1D2BD24B3}.Release|x86.ActiveCfg = Release|Any CPU
		{C203DC98-EBFF-4907-BDFD-848488FE56F7}.Debug|Any CPU.ActiveCfg = Debug|Any CPU
		{C203DC98-EBFF-4907-BDFD-848488FE56F7}.Debug|Any CPU.Build.0 = Debug|Any CPU
		{C203DC98-EBFF-4907-BDFD-848488FE56F7}.Debug|Mixed Platforms.ActiveCfg = Debug|Any CPU
		{C203DC98-EBFF-4907-BDFD-848488FE56F7}.Debug|Mixed Platforms.Build.0 = Debug|Any CPU
		{C203DC98-EBFF-4907-BDFD-848488FE56F7}.Debug|x86.ActiveCfg = Debug|Any CPU
		{C203DC98-EBFF-4907-BDFD-848488FE56F7}.Release|Any CPU.ActiveCfg = Release|Any CPU
		{C203DC98-EBFF-4907-BDFD-848488FE56F7}.Release|Any CPU.Build.0 = Release|Any CPU
		{C203DC98-EBFF-4907-BDFD-848488FE56F7}.Release|Mixed Platforms.ActiveCfg = Release|Any CPU
		{C203DC98-EBFF-4907-BDFD-848488FE56F7}.Release|Mixed Platforms.Build.0 = Release|Any CPU
		{C203DC98-EBFF-4907-BDFD-848488FE56F7}.Release|x86.ActiveCfg = Release|Any CPU
		{06B532E1-4B6F-4F19-9698-A7AB2F6B6B62}.Debug|Any CPU.ActiveCfg = Debug|Any CPU
		{06B532E1-4B6F-4F19-9698-A7AB2F6B6B62}.Debug|Any CPU.Build.0 = Debug|Any CPU
		{06B532E1-4B6F-4F19-9698-A7AB2F6B6B62}.Debug|Mixed Platforms.ActiveCfg = Debug|Any CPU
		{06B532E1-4B6F-4F19-9698-A7AB2F6B6B62}.Debug|Mixed Platforms.Build.0 = Debug|Any CPU
		{06B532E1-4B6F-4F19-9698-A7AB2F6B6B62}.Debug|x86.ActiveCfg = Debug|Any CPU
		{06B532E1-4B6F-4F19-9698-A7AB2F6B6B62}.Release|Any CPU.ActiveCfg = Release|Any CPU
		{06B532E1-4B6F-4F19-9698-A7AB2F6B6B62}.Release|Any CPU.Build.0 = Release|Any CPU
		{06B532E1-4B6F-4F19-9698-A7AB2F6B6B62}.Release|Mixed Platforms.ActiveCfg = Release|Any CPU
		{06B532E1-4B6F-4F19-9698-A7AB2F6B6B62}.Release|Mixed Platforms.Build.0 = Release|Any CPU
		{06B532E1-4B6F-4F19-9698-A7AB2F6B6B62}.Release|x86.ActiveCfg = Release|Any CPU
		{0C5D7E94-04CE-49FA-8D4E-97AD5BDB146F}.Debug|Any CPU.ActiveCfg = Debug|Any CPU
		{0C5D7E94-04CE-49FA-8D4E-97AD5BDB146F}.Debug|Any CPU.Build.0 = Debug|Any CPU
		{0C5D7E94-04CE-49FA-8D4E-97AD5BDB146F}.Debug|Mixed Platforms.ActiveCfg = Debug|Any CPU
		{0C5D7E94-04CE-49FA-8D4E-97AD5BDB146F}.Debug|Mixed Platforms.Build.0 = Debug|Any CPU
		{0C5D7E94-04CE-49FA-8D4E-97AD5BDB146F}.Debug|x86.ActiveCfg = Debug|Any CPU
		{0C5D7E94-04CE-49FA-8D4E-97AD5BDB146F}.Release|Any CPU.ActiveCfg = Release|Any CPU
		{0C5D7E94-04CE-49FA-8D4E-97AD5BDB146F}.Release|Any CPU.Build.0 = Release|Any CPU
		{0C5D7E94-04CE-49FA-8D4E-97AD5BDB146F}.Release|Mixed Platforms.ActiveCfg = Release|Any CPU
		{0C5D7E94-04CE-49FA-8D4E-97AD5BDB146F}.Release|Mixed Platforms.Build.0 = Release|Any CPU
		{0C5D7E94-04CE-49FA-8D4E-97AD5BDB146F}.Release|x86.ActiveCfg = Release|Any CPU
		{63D75481-2550-410E-86EA-AF0F1BAA9E53}.Debug|Any CPU.ActiveCfg = Debug|Any CPU
		{63D75481-2550-410E-86EA-AF0F1BAA9E53}.Debug|Any CPU.Build.0 = Debug|Any CPU
		{63D75481-2550-410E-86EA-AF0F1BAA9E53}.Debug|Mixed Platforms.ActiveCfg = Debug|Any CPU
		{63D75481-2550-410E-86EA-AF0F1BAA9E53}.Debug|Mixed Platforms.Build.0 = Debug|Any CPU
		{63D75481-2550-410E-86EA-AF0F1BAA9E53}.Debug|x86.ActiveCfg = Debug|Any CPU
		{63D75481-2550-410E-86EA-AF0F1BAA9E53}.Release|Any CPU.ActiveCfg = Release|Any CPU
		{63D75481-2550-410E-86EA-AF0F1BAA9E53}.Release|Any CPU.Build.0 = Release|Any CPU
		{63D75481-2550-410E-86EA-AF0F1BAA9E53}.Release|Mixed Platforms.ActiveCfg = Release|Any CPU
		{63D75481-2550-410E-86EA-AF0F1BAA9E53}.Release|Mixed Platforms.Build.0 = Release|Any CPU
		{63D75481-2550-410E-86EA-AF0F1BAA9E53}.Release|x86.ActiveCfg = Release|Any CPU
	EndGlobalSection
	GlobalSection(SolutionProperties) = preSolution
		HideSolutionNode = FALSE
	EndGlobalSection
EndGlobal
